schema: '2.0'
stages:
  data_ingestion:
    cmd: python src/cnnClassifier/pipeline/stage_01_data_ingestion.py
    deps:
    - path: config/config.yaml
      hash: md5
      md5: 698797ec3982805880b57a3baa60f6b0
      size: 677
    - path: src/cnnClassifier/pipeline/stage_01_data_ingestion.py
      hash: md5
      md5: ab5be81b094a9cc423b08beae6c402d9
      size: 914
    outs:
    - path: artifacts/data_ingestion/cancer_dataset
      hash: md5
      md5: 80754c43f8aa12673314673b01a2d076.dir
      size: 49247431
      nfiles: 343
  prepare_base_model:
    cmd: python src/cnnClassifier/pipeline/stage_02_prepare_base_model.py
    deps:
    - path: config/config.yaml
      hash: md5
      md5: 698797ec3982805880b57a3baa60f6b0
      size: 677
    - path: src/cnnClassifier/pipeline/stage_02_prepare_base_model.py
      hash: md5
      md5: 3f41e803ec587c6a0908792b396af1ff
      size: 997
    params:
      params.yaml:
        CLASSES: 2
        IMAGE_SIZE:
        - 224
        - 224
        - 3
        INCLUDE_TOP: false
        LEARNING_RATE: 0.02
        WEIGHTS: imagenet
    outs:
    - path: artifacts/prepare_base_model
      hash: md5
      md5: 55c2d980f306bbd362ca46604e74bffe.dir
      size: 118054560
      nfiles: 2
  training:
    cmd: python src/cnnClassifier/pipeline/stage_03_model_trainer.py
    deps:
    - path: artifacts/data_ingestion/cancer_dataset
      hash: md5
      md5: 80754c43f8aa12673314673b01a2d076.dir
      size: 49247431
      nfiles: 343
    - path: artifacts/prepare_base_model
      hash: md5
      md5: 55c2d980f306bbd362ca46604e74bffe.dir
      size: 118054560
      nfiles: 2
    - path: config/config.yaml
      hash: md5
      md5: 698797ec3982805880b57a3baa60f6b0
      size: 677
    - path: src/cnnClassifier/pipeline/stage_03_model_trainer.py
      hash: md5
      md5: 215535f334d031ebbe595bbdbf4c9c10
      size: 910
    params:
      params.yaml:
        AUGMENTATION: true
        BATCH_SIZE: 16
        EPOCHS: 1
        IMAGE_SIZE:
        - 224
        - 224
        - 3
    outs:
    - path: artifacts/training/model.h5
      hash: md5
      md5: f4eb55680bb6390f549f6c4d757b26e3
      size: 59337520
  evaluation:
    cmd: python src/cnnClassifier/pipeline/stage_04_model_evaluation.py
    deps:
    - path: artifacts/data_ingestion/cancer_dataset
      hash: md5
      md5: 80754c43f8aa12673314673b01a2d076.dir
      size: 49247431
      nfiles: 343
    - path: artifacts/training/model.h5
      hash: md5
      md5: f4eb55680bb6390f549f6c4d757b26e3
      size: 59337520
    - path: config/config.yaml
      hash: md5
      md5: 698797ec3982805880b57a3baa60f6b0
      size: 677
    - path: src/cnnClassifier/pipeline/stage_04_model_evaluation.py
      hash: md5
      md5: e287484fdc605da9e5c62ce0caeda786
      size: 916
    params:
      params.yaml:
        BATCH_SIZE: 16
        IMAGE_SIZE:
        - 224
        - 224
        - 3
    outs:
    - path: scores.json
      hash: md5
      md5: 7a1423241959963f68e17448daf29adc
      size: 72
